
Microsoft Visual Studio Solution File, Format Version 12.00
# Visual Studio 2012
Project("{8BC9CEB8-8B4A-11D0-8D11-00A0C91BC942}") = "String", "String\String.vcxproj", "{A9D96601-9587-4BE3-87F3-4BFD34EB3D21}"
EndProject
Global
	GlobalSection(SolutionConfigurationPlatforms) = preSolution
		Debug|Win32 = Debug|Win32
		Release|Win32 = Release|Win32
	EndGlobalSection
	GlobalSection(ProjectConfigurationPlatforms) = postSolution
		{A9D96601-9587-4BE3-87F3-4BFD34EB3D21}.Debug|Win32.ActiveCfg = Debug|Win32
		{A9D96601-9587-4BE3-87F3-4BFD34EB3D21}.Debug|Win32.Build.0 = Debug|Win32
		{A9D96601-9587-4BE3-87F3-4BFD34EB3D21}.Release|Win32.ActiveCfg = Release|Win32
		{A9D96601-9587-4BE3-87F3-4BFD34EB3D21}.Release|Win32.Build.0 = Release|Win32
	EndGlobalSection
	GlobalSection(SolutionProperties) = preSolution
		HideSolutionNode = FALSE
	EndGlobalSection
EndGlobal
